
Microsoft Visual Studio Solution File, Format Version 12.00
# Visual Studio Version 17
VisualStudioVersion = 17.14.36930.0 d17.14
MinimumVisualStudioVersion = 10.0.40219.1
Project("{FAE04EC0-301F-11D3-BF4B-00C04F79EFBC}") = "mvc-test", "mvc-test\mvc-test.csproj", "{A25E7C60-4B8B-4518-B0AD-0F11CC2931EC}"
EndProject
Global
	GlobalSection(SolutionConfigurationPlatforms) = preSolution
		Debug|Any CPU = Debug|Any CPU
		Release|Any CPU = Release|Any CPU
	EndGlobalSection
	GlobalSection(ProjectConfigurationPlatforms) = postSolution
		{A25E7C60-4B8B-4518-B0AD-0F11CC2931EC}.Debug|Any CPU.ActiveCfg = Debug|Any CPU
		{A25E7C60-4B8B-4518-B0AD-0F11CC2931EC}.Debug|Any CPU.Build.0 = Debug|Any CPU
		{A25E7C60-4B8B-4518-B0AD-0F11CC2931EC}.Release|Any CPU.ActiveCfg = Release|Any CPU
		{A25E7C60-4B8B-4518-B0AD-0F11CC2931EC}.Release|Any CPU.Build.0 = Release|Any CPU
	EndGlobalSection
	GlobalSection(SolutionProperties) = preSolution
		HideSolutionNode = FALSE
	EndGlobalSection
	GlobalSection(ExtensibilityGlobals) = postSolution
		SolutionGuid = {8230D1E2-9D96-4751-A203-5DE6CE29FECF}
	EndGlobalSection
EndGlobal
